<?xml version="1.0" encoding="utf-8"?>
<Project ToolsVersion="4.0" xmlns="http://schemas.microsoft.com/developer/msbuild/2003">
  <ItemGroup>
    <ClCompile Include="Enemy.cpp" />
    <ClCompile Include="GameLevel1.cpp" />
    <ClCompile Include="GameLevel2.cpp" />
    <ClCompile Include="GameLevel3.cpp" />
    <ClCompile Include="GameManager.cpp" />
    <ClCompile Include="GameSetupState.cpp" />
    <ClCompile Include="GameState.cpp" />
    <ClCompile Include="HealthBar.cpp" />
    <ClCompile Include="LoadingScene.cpp" />
    <ClCompile Include="main.cpp" />
    <ClCompile Include="MainMenuState.cpp" />
    <ClCompile Include="PauseMenuPopupState.cpp" />
    <ClCompile Include="Player.cpp" />
    <ClCompile Include="ProgressBar.cpp" />
    <ClCompile Include="VictoryScreen.cpp" />
  </ItemGroup>
  <ItemGroup>
    <ClInclude Include="Enemy.h" />
    <ClInclude Include="GameLevel1.h" />
    <ClInclude Include="GameLevel2.h" />
    <ClInclude Include="GameLevel3.h" />
    <ClInclude Include="GameManager.h" />
    <ClInclude Include="GameSetupState.h" />
    <ClInclude Include="GameState.h" />
    <ClInclude Include="HealthBar.h" />
    <ClInclude Include="LoadingScene.h" />
    <ClInclude Include="MainMenuState.h" />
    <ClInclude Include="PauseMenuPopupState.h" />
    <ClInclude Include="Player.h" />
    <ClInclude Include="ProgressBar.h" />
    <ClInclude Include="Projectile.h" />
    <ClInclude Include="VictoryScreen.h" />
  </ItemGroup>
  <ItemGroup>
    <None Include="packages.config" />
  </ItemGroup>
</Project>